{
  "pins" : [
    {
      "identity" : "helper4swift",
      "kind" : "remoteSourceControl",
      "location" : "https://github.com/cs4alhaider/Helper4Swift",
      "state" : {
        "branch" : "master",
        "revision" : "0b8c305dddbc7486c5e056416008c1aa18e6cf73"
      }
    }
  ],
  "version" : 2
}
